
Microsoft Visual Studio Solution File, Format Version 11.00
# Visual Studio 2010
Project("{FAE04EC0-301F-11D3-BF4B-00C04F79EFBC}") = "Unity.Timeline", "Unity.Timeline.csproj", "{51795209-bda0-5248-6f12-17ce0ba1d9c1}"
EndProject
Project("{FAE04EC0-301F-11D3-BF4B-00C04F79EFBC}") = "Unity.Timeline.Editor", "Unity.Timeline.Editor.csproj", "{e1870b3e-9335-b3cb-78da-d0d68c2fa2a6}"
EndProject
Project("{FAE04EC0-301F-11D3-BF4B-00C04F79EFBC}") = "Unity.TextMeshPro.Editor", "Unity.TextMeshPro.Editor.csproj", "{3a411cbe-4519-1a03-ff83-7e72c3957028}"
EndProject
Project("{FAE04EC0-301F-11D3-BF4B-00C04F79EFBC}") = "Unity.VisualScripting.Flow", "Unity.VisualScripting.Flow.csproj", "{24c4a0cb-5b29-1b5f-14b2-6d74d4cf2f13}"
EndProject
Project("{FAE04EC0-301F-11D3-BF4B-00C04F79EFBC}") = "UnityEditor.UI", "UnityEditor.UI.csproj", "{3927636b-a163-004e-2b50-71f279c0f79f}"
EndProject
Project("{FAE04EC0-301F-11D3-BF4B-00C04F79EFBC}") = "Unity.PlasticSCM.Editor", "Unity.PlasticSCM.Editor.csproj", "{23854817-d56d-b099-2d8b-87baf7515c5d}"
EndProject
Project("{FAE04EC0-301F-11D3-BF4B-00C04F79EFBC}") = "Unity.VisualScripting.Core", "Unity.VisualScripting.Core.csproj", "{c766f4de-d981-a253-18eb-eb4e1f10075c}"
EndProject
Project("{FAE04EC0-301F-11D3-BF4B-00C04F79EFBC}") = "Unity.VisualScripting.Core.Editor", "Unity.VisualScripting.Core.Editor.csproj", "{1fedfe38-9aa1-0d49-faf2-77e5e056204e}"
EndProject
Project("{FAE04EC0-301F-11D3-BF4B-00C04F79EFBC}") = "Unity.VisualScripting.Flow.Editor", "Unity.VisualScripting.Flow.Editor.csproj", "{33dd3b95-d892-d3bb-8d1c-89f611d7fe48}"
EndProject
Project("{FAE04EC0-301F-11D3-BF4B-00C04F79EFBC}") = "UnityEditor.TestRunner", "UnityEditor.TestRunner.csproj", "{2811c7cc-4218-847a-44d3-61b319f0afe5}"
EndProject
Project("{FAE04EC0-301F-11D3-BF4B-00C04F79EFBC}") = "Unity.VisualScripting.SettingsProvider.Editor", "Unity.VisualScripting.SettingsProvider.Editor.csproj", "{38452f5b-bd4d-fded-8a5f-02d69b777090}"
EndProject
Project("{FAE04EC0-301F-11D3-BF4B-00C04F79EFBC}") = "UnityEngine.TestRunner", "UnityEngine.TestRunner.csproj", "{057f42b5-d0b6-839d-89f0-ee2b2988da30}"
EndProject
Project("{FAE04EC0-301F-11D3-BF4B-00C04F79EFBC}") = "UnityEngine.UI", "UnityEngine.UI.csproj", "{be66d018-1000-97ea-b608-be6b1e451502}"
EndProject
Project("{FAE04EC0-301F-11D3-BF4B-00C04F79EFBC}") = "Unity.VisualStudio.Editor", "Unity.VisualStudio.Editor.csproj", "{94bb4117-eadd-4429-5a5b-da507a58ce78}"
EndProject
Project("{FAE04EC0-301F-11D3-BF4B-00C04F79EFBC}") = "Unity.TestTools.CodeCoverage.Editor.OpenCover.Model", "Unity.TestTools.CodeCoverage.Editor.OpenCover.Model.csproj", "{f0e9b3df-413a-a9a3-ac59-793d1bf62ff4}"
EndProject
Project("{FAE04EC0-301F-11D3-BF4B-00C04F79EFBC}") = "Unity.Rider.Editor", "Unity.Rider.Editor.csproj", "{cf8dcadb-7352-5bf0-0bf1-ef943527893a}"
EndProject
Project("{FAE04EC0-301F-11D3-BF4B-00C04F79EFBC}") = "Unity.VisualScripting.State.Editor", "Unity.VisualScripting.State.Editor.csproj", "{9387636b-00e0-a557-310b-950e15de60ac}"
EndProject
Project("{FAE04EC0-301F-11D3-BF4B-00C04F79EFBC}") = "Unity.TestTools.CodeCoverage.Editor", "Unity.TestTools.CodeCoverage.Editor.csproj", "{f48cebda-fdcf-6a17-160a-94220294d487}"
EndProject
Project("{FAE04EC0-301F-11D3-BF4B-00C04F79EFBC}") = "Unity.VisualScripting.State", "Unity.VisualScripting.State.csproj", "{c94b6274-baee-d590-d858-2822d80050e5}"
EndProject
Project("{FAE04EC0-301F-11D3-BF4B-00C04F79EFBC}") = "Unity.TextMeshPro", "Unity.TextMeshPro.csproj", "{08fa64a3-ceac-791e-762e-80810e2d2c25}"
EndProject
Project("{FAE04EC0-301F-11D3-BF4B-00C04F79EFBC}") = "Unity.Performance.Profile-Analyzer.Editor", "Unity.Performance.Profile-Analyzer.Editor.csproj", "{8b5b9112-0563-c0c4-4a5c-4fc4b6ea8a06}"
EndProject
Project("{FAE04EC0-301F-11D3-BF4B-00C04F79EFBC}") = "Unity.VSCode.Editor", "Unity.VSCode.Editor.csproj", "{54c34c7c-7755-99d9-6363-9e8fe4043846}"
EndProject
Project("{FAE04EC0-301F-11D3-BF4B-00C04F79EFBC}") = "Unity.TestTools.CodeCoverage.Editor.OpenCover.Mono.Reflection", "Unity.TestTools.CodeCoverage.Editor.OpenCover.Mono.Reflection.csproj", "{dd13383d-4ea9-ff7d-5110-ab7637b755c5}"
EndProject
Project("{FAE04EC0-301F-11D3-BF4B-00C04F79EFBC}") = "Unity.Settings.Editor", "Unity.Settings.Editor.csproj", "{ecebd89b-edf7-f6ca-03ef-293a40899f60}"
EndProject
Project("{FAE04EC0-301F-11D3-BF4B-00C04F79EFBC}") = "Assembly-CSharp", "Assembly-CSharp.csproj", "{a656e44a-b93e-2291-fd82-6b012f088fed}"
EndProject
Project("{FAE04EC0-301F-11D3-BF4B-00C04F79EFBC}") = "Unity.EditorCoroutines.Editor", "Unity.EditorCoroutines.Editor.csproj", "{638fa0a7-1751-c213-3c49-361d4dc91c2d}"
EndProject
Project("{FAE04EC0-301F-11D3-BF4B-00C04F79EFBC}") = "Unity.VisualScripting.Shared.Editor", "Unity.VisualScripting.Shared.Editor.csproj", "{09a8f452-1a87-8c61-d27a-978fe68cd2ac}"
EndProject
Project("{FAE04EC0-301F-11D3-BF4B-00C04F79EFBC}") = "Unity.CollabProxy.Editor", "Unity.CollabProxy.Editor.csproj", "{94676b45-b452-dc8e-d1a3-59bcd28b9a59}"
EndProject
Project("{FAE04EC0-301F-11D3-BF4B-00C04F79EFBC}") = "Unity.Timeline", "Unity.Timeline.Player.csproj", "{67b5b489-e35d-6e6d-cf03-51764a0ca32b}"
EndProject
Project("{FAE04EC0-301F-11D3-BF4B-00C04F79EFBC}") = "Unity.VisualScripting.Flow", "Unity.VisualScripting.Flow.Player.csproj", "{b57e84f4-4b72-5f8a-1a32-ca214b7c0f53}"
EndProject
Project("{FAE04EC0-301F-11D3-BF4B-00C04F79EFBC}") = "Unity.VisualScripting.Core", "Unity.VisualScripting.Core.Player.csproj", "{149ac7e1-a208-20b0-1706-58047807934b}"
EndProject
Project("{FAE04EC0-301F-11D3-BF4B-00C04F79EFBC}") = "UnityEngine.TestRunner", "UnityEngine.TestRunner.Player.csproj", "{e2ff6ae7-f829-8c3b-4585-ef588ec5149a}"
EndProject
Project("{FAE04EC0-301F-11D3-BF4B-00C04F79EFBC}") = "UnityEngine.UI", "UnityEngine.UI.Player.csproj", "{db80218e-929c-e0a5-f529-7733100f1e67}"
EndProject
Project("{FAE04EC0-301F-11D3-BF4B-00C04F79EFBC}") = "Unity.VisualScripting.State", "Unity.VisualScripting.State.Player.csproj", "{5c060a66-5a08-8bd3-0186-c8fbae4b2b22}"
EndProject
Project("{FAE04EC0-301F-11D3-BF4B-00C04F79EFBC}") = "Unity.TextMeshPro", "Unity.TextMeshPro.Player.csproj", "{4ef93576-5c9b-e1ae-3d36-fd2e3aab1774}"
EndProject
Project("{FAE04EC0-301F-11D3-BF4B-00C04F79EFBC}") = "Assembly-CSharp", "Assembly-CSharp.Player.csproj", "{4643cc00-9aa3-de8c-f07e-0cc3fbecca6c}"
EndProject
Project("{FAE04EC0-301F-11D3-BF4B-00C04F79EFBC}") = "UnityEngine.UI.Tests", "UnityEngine.UI.Tests.csproj", "{32c0df8a-3a45-3f11-6a3d-31f9aebc5ea3}"
EndProject
Project("{FAE04EC0-301F-11D3-BF4B-00C04F79EFBC}") = "Assembly-CSharp-Editor", "Assembly-CSharp-Editor.csproj", "{a4808c9d-5fb5-e108-beff-ac38a376a9d5}"
EndProject
Project("{FAE04EC0-301F-11D3-BF4B-00C04F79EFBC}") = "UnityEditor.UI.EditorTests", "UnityEditor.UI.EditorTests.csproj", "{c943b6c1-f9d1-9afb-2f85-3f0226a2770e}"
EndProject
Project("{FAE04EC0-301F-11D3-BF4B-00C04F79EFBC}") = "Unity.TextMeshPro.Tests", "Unity.TextMeshPro.Tests.csproj", "{b47935ff-3888-61ab-65de-f7203d7e6a25}"
EndProject
Project("{FAE04EC0-301F-11D3-BF4B-00C04F79EFBC}") = "DocCodeExamples", "DocCodeExamples.csproj", "{fa2170c4-1884-b03d-eaff-492e107b137d}"
EndProject
Project("{FAE04EC0-301F-11D3-BF4B-00C04F79EFBC}") = "Unity.TestTools.CodeCoverage.Editor.Compatibility", "Unity.TestTools.CodeCoverage.Editor.Compatibility.csproj", "{ea345148-1a05-9246-9a01-d7cd19d269b1}"
EndProject
Project("{FAE04EC0-301F-11D3-BF4B-00C04F79EFBC}") = "Unity.TextMeshPro.Editor.Tests", "Unity.TextMeshPro.Editor.Tests.csproj", "{b75f15ad-77cd-ba08-3960-e1f08f7c5231}"
EndProject
Project("{FAE04EC0-301F-11D3-BF4B-00C04F79EFBC}") = "Unity.Settings.Tests", "Unity.Settings.Tests.csproj", "{87f930e4-8256-7bea-b432-4b2e4a3acfd8}"
EndProject
Project("{FAE04EC0-301F-11D3-BF4B-00C04F79EFBC}") = "Unity.Performance.Profile-Analyzer.EditorTests", "Unity.Performance.Profile-Analyzer.EditorTests.csproj", "{901adb4d-a644-1812-140e-de008f8b2338}"
EndProject
Global
	GlobalSection(SolutionConfigurationPlatforms) = preSolution
		Debug|Any CPU = Debug|Any CPU
	EndGlobalSection
	GlobalSection(ProjectConfigurationPlatforms) = postSolution
		{51795209-bda0-5248-6f12-17ce0ba1d9c1}.Debug|Any CPU.ActiveCfg = Debug|Any CPU
		{51795209-bda0-5248-6f12-17ce0ba1d9c1}.Debug|Any CPU.Build.0 = Debug|Any CPU
		{e1870b3e-9335-b3cb-78da-d0d68c2fa2a6}.Debug|Any CPU.ActiveCfg = Debug|Any CPU
		{e1870b3e-9335-b3cb-78da-d0d68c2fa2a6}.Debug|Any CPU.Build.0 = Debug|Any CPU
		{3a411cbe-4519-1a03-ff83-7e72c3957028}.Debug|Any CPU.ActiveCfg = Debug|Any CPU
		{3a411cbe-4519-1a03-ff83-7e72c3957028}.Debug|Any CPU.Build.0 = Debug|Any CPU
		{24c4a0cb-5b29-1b5f-14b2-6d74d4cf2f13}.Debug|Any CPU.ActiveCfg = Debug|Any CPU
		{24c4a0cb-5b29-1b5f-14b2-6d74d4cf2f13}.Debug|Any CPU.Build.0 = Debug|Any CPU
		{3927636b-a163-004e-2b50-71f279c0f79f}.Debug|Any CPU.ActiveCfg = Debug|Any CPU
		{3927636b-a163-004e-2b50-71f279c0f79f}.Debug|Any CPU.Build.0 = Debug|Any CPU
		{23854817-d56d-b099-2d8b-87baf7515c5d}.Debug|Any CPU.ActiveCfg = Debug|Any CPU
		{23854817-d56d-b099-2d8b-87baf7515c5d}.Debug|Any CPU.Build.0 = Debug|Any CPU
		{c766f4de-d981-a253-18eb-eb4e1f10075c}.Debug|Any CPU.ActiveCfg = Debug|Any CPU
		{c766f4de-d981-a253-18eb-eb4e1f10075c}.Debug|Any CPU.Build.0 = Debug|Any CPU
		{1fedfe38-9aa1-0d49-faf2-77e5e056204e}.Debug|Any CPU.ActiveCfg = Debug|Any CPU
		{1fedfe38-9aa1-0d49-faf2-77e5e056204e}.Debug|Any CPU.Build.0 = Debug|Any CPU
		{33dd3b95-d892-d3bb-8d1c-89f611d7fe48}.Debug|Any CPU.ActiveCfg = Debug|Any CPU
		{33dd3b95-d892-d3bb-8d1c-89f611d7fe48}.Debug|Any CPU.Build.0 = Debug|Any CPU
		{2811c7cc-4218-847a-44d3-61b319f0afe5}.Debug|Any CPU.ActiveCfg = Debug|Any CPU
		{2811c7cc-4218-847a-44d3-61b319f0afe5}.Debug|Any CPU.Build.0 = Debug|Any CPU
		{38452f5b-bd4d-fded-8a5f-02d69b777090}.Debug|Any CPU.ActiveCfg = Debug|Any CPU
		{38452f5b-bd4d-fded-8a5f-02d69b777090}.Debug|Any CPU.Build.0 = Debug|Any CPU
		{057f42b5-d0b6-839d-89f0-ee2b2988da30}.Debug|Any CPU.ActiveCfg = Debug|Any CPU
		{057f42b5-d0b6-839d-89f0-ee2b2988da30}.Debug|Any CPU.Build.0 = Debug|Any CPU
		{be66d018-1000-97ea-b608-be6b1e451502}.Debug|Any CPU.ActiveCfg = Debug|Any CPU
		{be66d018-1000-97ea-b608-be6b1e451502}.Debug|Any CPU.Build.0 = Debug|Any CPU
		{94bb4117-eadd-4429-5a5b-da507a58ce78}.Debug|Any CPU.ActiveCfg = Debug|Any CPU
		{94bb4117-eadd-4429-5a5b-da507a58ce78}.Debug|Any CPU.Build.0 = Debug|Any CPU
		{f0e9b3df-413a-a9a3-ac59-793d1bf62ff4}.Debug|Any CPU.ActiveCfg = Debug|Any CPU
		{f0e9b3df-413a-a9a3-ac59-793d1bf62ff4}.Debug|Any CPU.Build.0 = Debug|Any CPU
		{cf8dcadb-7352-5bf0-0bf1-ef943527893a}.Debug|Any CPU.ActiveCfg = Debug|Any CPU
		{cf8dcadb-7352-5bf0-0bf1-ef943527893a}.Debug|Any CPU.Build.0 = Debug|Any CPU
		{9387636b-00e0-a557-310b-950e15de60ac}.Debug|Any CPU.ActiveCfg = Debug|Any CPU
		{9387636b-00e0-a557-310b-950e15de60ac}.Debug|Any CPU.Build.0 = Debug|Any CPU
		{f48cebda-fdcf-6a17-160a-94220294d487}.Debug|Any CPU.ActiveCfg = Debug|Any CPU
		{f48cebda-fdcf-6a17-160a-94220294d487}.Debug|Any CPU.Build.0 = Debug|Any CPU
		{c94b6274-baee-d590-d858-2822d80050e5}.Debug|Any CPU.ActiveCfg = Debug|Any CPU
		{c94b6274-baee-d590-d858-2822d80050e5}.Debug|Any CPU.Build.0 = Debug|Any CPU
		{08fa64a3-ceac-791e-762e-80810e2d2c25}.Debug|Any CPU.ActiveCfg = Debug|Any CPU
		{08fa64a3-ceac-791e-762e-80810e2d2c25}.Debug|Any CPU.Build.0 = Debug|Any CPU
		{8b5b9112-0563-c0c4-4a5c-4fc4b6ea8a06}.Debug|Any CPU.ActiveCfg = Debug|Any CPU
		{8b5b9112-0563-c0c4-4a5c-4fc4b6ea8a06}.Debug|Any CPU.Build.0 = Debug|Any CPU
		{54c34c7c-7755-99d9-6363-9e8fe4043846}.Debug|Any CPU.ActiveCfg = Debug|Any CPU
		{54c34c7c-7755-99d9-6363-9e8fe4043846}.Debug|Any CPU.Build.0 = Debug|Any CPU
		{dd13383d-4ea9-ff7d-5110-ab7637b755c5}.Debug|Any CPU.ActiveCfg = Debug|Any CPU
		{dd13383d-4ea9-ff7d-5110-ab7637b755c5}.Debug|Any CPU.Build.0 = Debug|Any CPU
		{ecebd89b-edf7-f6ca-03ef-293a40899f60}.Debug|Any CPU.ActiveCfg = Debug|Any CPU
		{ecebd89b-edf7-f6ca-03ef-293a40899f60}.Debug|Any CPU.Build.0 = Debug|Any CPU
		{a656e44a-b93e-2291-fd82-6b012f088fed}.Debug|Any CPU.ActiveCfg = Debug|Any CPU
		{a656e44a-b93e-2291-fd82-6b012f088fed}.Debug|Any CPU.Build.0 = Debug|Any CPU
		{638fa0a7-1751-c213-3c49-361d4dc91c2d}.Debug|Any CPU.ActiveCfg = Debug|Any CPU
		{638fa0a7-1751-c213-3c49-361d4dc91c2d}.Debug|Any CPU.Build.0 = Debug|Any CPU
		{09a8f452-1a87-8c61-d27a-978fe68cd2ac}.Debug|Any CPU.ActiveCfg = Debug|Any CPU
		{09a8f452-1a87-8c61-d27a-978fe68cd2ac}.Debug|Any CPU.Build.0 = Debug|Any CPU
		{94676b45-b452-dc8e-d1a3-59bcd28b9a59}.Debug|Any CPU.ActiveCfg = Debug|Any CPU
		{94676b45-b452-dc8e-d1a3-59bcd28b9a59}.Debug|Any CPU.Build.0 = Debug|Any CPU
		{67b5b489-e35d-6e6d-cf03-51764a0ca32b}.Debug|Any CPU.ActiveCfg = Debug|Any CPU
		{67b5b489-e35d-6e6d-cf03-51764a0ca32b}.Debug|Any CPU.Build.0 = Debug|Any CPU
		{b57e84f4-4b72-5f8a-1a32-ca214b7c0f53}.Debug|Any CPU.ActiveCfg = Debug|Any CPU
		{b57e84f4-4b72-5f8a-1a32-ca214b7c0f53}.Debug|Any CPU.Build.0 = Debug|Any CPU
		{149ac7e1-a208-20b0-1706-58047807934b}.Debug|Any CPU.ActiveCfg = Debug|Any CPU
		{149ac7e1-a208-20b0-1706-58047807934b}.Debug|Any CPU.Build.0 = Debug|Any CPU
		{e2ff6ae7-f829-8c3b-4585-ef588ec5149a}.Debug|Any CPU.ActiveCfg = Debug|Any CPU
		{e2ff6ae7-f829-8c3b-4585-ef588ec5149a}.Debug|Any CPU.Build.0 = Debug|Any CPU
		{db80218e-929c-e0a5-f529-7733100f1e67}.Debug|Any CPU.ActiveCfg = Debug|Any CPU
		{db80218e-929c-e0a5-f529-7733100f1e67}.Debug|Any CPU.Build.0 = Debug|Any CPU
		{5c060a66-5a08-8bd3-0186-c8fbae4b2b22}.Debug|Any CPU.ActiveCfg = Debug|Any CPU
		{5c060a66-5a08-8bd3-0186-c8fbae4b2b22}.Debug|Any CPU.Build.0 = Debug|Any CPU
		{4ef93576-5c9b-e1ae-3d36-fd2e3aab1774}.Debug|Any CPU.ActiveCfg = Debug|Any CPU
		{4ef93576-5c9b-e1ae-3d36-fd2e3aab1774}.Debug|Any CPU.Build.0 = Debug|Any CPU
		{4643cc00-9aa3-de8c-f07e-0cc3fbecca6c}.Debug|Any CPU.ActiveCfg = Debug|Any CPU
		{4643cc00-9aa3-de8c-f07e-0cc3fbecca6c}.Debug|Any CPU.Build.0 = Debug|Any CPU
		{32c0df8a-3a45-3f11-6a3d-31f9aebc5ea3}.Debug|Any CPU.ActiveCfg = Debug|Any CPU
		{32c0df8a-3a45-3f11-6a3d-31f9aebc5ea3}.Debug|Any CPU.Build.0 = Debug|Any CPU
		{a4808c9d-5fb5-e108-beff-ac38a376a9d5}.Debug|Any CPU.ActiveCfg = Debug|Any CPU
		{a4808c9d-5fb5-e108-beff-ac38a376a9d5}.Debug|Any CPU.Build.0 = Debug|Any CPU
		{c943b6c1-f9d1-9afb-2f85-3f0226a2770e}.Debug|Any CPU.ActiveCfg = Debug|Any CPU
		{c943b6c1-f9d1-9afb-2f85-3f0226a2770e}.Debug|Any CPU.Build.0 = Debug|Any CPU
		{b47935ff-3888-61ab-65de-f7203d7e6a25}.Debug|Any CPU.ActiveCfg = Debug|Any CPU
		{b47935ff-3888-61ab-65de-f7203d7e6a25}.Debug|Any CPU.Build.0 = Debug|Any CPU
		{fa2170c4-1884-b03d-eaff-492e107b137d}.Debug|Any CPU.ActiveCfg = Debug|Any CPU
		{fa2170c4-1884-b03d-eaff-492e107b137d}.Debug|Any CPU.Build.0 = Debug|Any CPU
		{ea345148-1a05-9246-9a01-d7cd19d269b1}.Debug|Any CPU.ActiveCfg = Debug|Any CPU
		{ea345148-1a05-9246-9a01-d7cd19d269b1}.Debug|Any CPU.Build.0 = Debug|Any CPU
		{b75f15ad-77cd-ba08-3960-e1f08f7c5231}.Debug|Any CPU.ActiveCfg = Debug|Any CPU
		{b75f15ad-77cd-ba08-3960-e1f08f7c5231}.Debug|Any CPU.Build.0 = Debug|Any CPU
		{87f930e4-8256-7bea-b432-4b2e4a3acfd8}.Debug|Any CPU.ActiveCfg = Debug|Any CPU
		{87f930e4-8256-7bea-b432-4b2e4a3acfd8}.Debug|Any CPU.Build.0 = Debug|Any CPU
		{901adb4d-a644-1812-140e-de008f8b2338}.Debug|Any CPU.ActiveCfg = Debug|Any CPU
		{901adb4d-a644-1812-140e-de008f8b2338}.Debug|Any CPU.Build.0 = Debug|Any CPU
	EndGlobalSection
	GlobalSection(SolutionProperties) = preSolution
		HideSolutionNode = FALSE
	EndGlobalSection
EndGlobal
